<?xml version="1.0" encoding="UTF-8" standalone="yes" ?>
<CodeBlocks_project_file>
	<FileVersion major="1" minor="6" />
	<Project>
		<Option title="TRAMWAYS" />
		<Option pch_mode="2" />
		<Option compiler="gcc" />
		<Build>
			<Target title="Debug">
				<Option output="bin/Debug/TRAMWAYS" prefix_auto="1" extension_auto="1" />
				<Option object_output="obj/Debug/" />
				<Option type="1" />
				<Option compiler="gcc" />
				<Compiler>
					<Add option="-std=c++11" />
					<Add option="-g" />
				</Compiler>
			</Target>
			<Target title="Release">
				<Option output="C:/wxWidgets-3.1.0/include/TRAMWAYS" prefix_auto="1" extension_auto="1" />
				<Option object_output="obj/Release/" />
				<Option type="1" />
				<Option compiler="gcc" />
				<Compiler>
					<Add option="-O2" />
				</Compiler>
				<Linker>
					<Add option="-s" />
				</Linker>
			</Target>
		</Build>
		<Compiler>
			<Add option="-Wall" />
			<Add option="-fexceptions" />
		</Compiler>
		<Unit filename="Tram_v5.xml" />
		<Unit filename="lectureXML.cpp" />
		<Unit filename="lectureXML.h" />
		<Unit filename="ligne.cpp" />
		<Unit filename="ligne.h" />
		<Unit filename="listeArrets.cpp" />
		<Unit filename="listeArrets.h" />
		<Unit filename="listeDeTramway.cpp" />
		<Unit filename="listeDeTramway.h" />
		<Unit filename="main.cpp" />
		<Unit filename="tracer.cpp" />
		<Unit filename="tracer.h" />
		<Unit filename="xml/tinystr.cpp" />
		<Unit filename="xml/tinystr.h" />
		<Unit filename="xml/tinyxml.cpp" />
		<Unit filename="xml/tinyxml.h" />
		<Unit filename="xml/tinyxmlerror.cpp" />
		<Unit filename="xml/tinyxmlparser.cpp" />
		<Extensions>
			<code_completion />
			<envvars />
			<debugger />
			<lib_finder disable_auto="1" />
		</Extensions>
	</Project>
</CodeBlocks_project_file>
